
Microsoft Visual Studio Solution File, Format Version 12.00
# Visual Studio Version 17
VisualStudioVersion = 17.5.33627.172
MinimumVisualStudioVersion = 10.0.40219.1
Project("{2150E333-8FDC-42A3-9474-1A3956D46DE8}") = "Documentation", "Documentation", "{271F20D1-D92E-4196-AF1D-F3494007E968}"
	ProjectSection(SolutionItems) = preProject
		Documentation\UserStories.txt = Documentation\UserStories.txt
	EndProjectSection
EndProject
Project("{9A19103F-16F7-4668-BE54-9A1E7A4F7556}") = "ServerTests", "Tests\ServerTests\ServerTests.csproj", "{22E8E8BB-C4C5-426F-BEBD-F5A82D2C127C}"
EndProject
Project("{2150E333-8FDC-42A3-9474-1A3956D46DE8}") = "Tests", "Tests", "{13401168-292E-4ADE-A290-EBA81955FB24}"
EndProject
Project("{2150E333-8FDC-42A3-9474-1A3956D46DE8}") = "Application", "Application", "{F5512343-E791-4786-B064-7A088D118AB2}"
EndProject
Project("{9A19103F-16F7-4668-BE54-9A1E7A4F7556}") = "WebClientTests", "Tests\WebClientTests\WebClientTests.csproj", "{ADC361AE-BED3-4239-A15A-9A8341034E84}"
EndProject
Project("{9A19103F-16F7-4668-BE54-9A1E7A4F7556}") = "WebClient", "Application\WebClient\WebClient.csproj", "{138DC0D5-CB02-4627-B5D1-DC3511CCBB18}"
EndProject
Project("{9A19103F-16F7-4668-BE54-9A1E7A4F7556}") = "Server", "Application\Server\Server.csproj", "{317AE25C-7B92-4D09-85D6-D23D1E1EFA3E}"
EndProject
Project("{FAE04EC0-301F-11D3-BF4B-00C04F79EFBC}") = "SharedResources", "SharedResources\SharedResources.csproj", "{81A0BC80-2677-4364-ABBB-F01D0E98ECE5}"
EndProject
Global
	GlobalSection(SolutionConfigurationPlatforms) = preSolution
		Debug|Any CPU = Debug|Any CPU
		Release|Any CPU = Release|Any CPU
	EndGlobalSection
	GlobalSection(ProjectConfigurationPlatforms) = postSolution
		{22E8E8BB-C4C5-426F-BEBD-F5A82D2C127C}.Debug|Any CPU.ActiveCfg = Debug|Any CPU
		{22E8E8BB-C4C5-426F-BEBD-F5A82D2C127C}.Debug|Any CPU.Build.0 = Debug|Any CPU
		{22E8E8BB-C4C5-426F-BEBD-F5A82D2C127C}.Release|Any CPU.ActiveCfg = Release|Any CPU
		{22E8E8BB-C4C5-426F-BEBD-F5A82D2C127C}.Release|Any CPU.Build.0 = Release|Any CPU
		{ADC361AE-BED3-4239-A15A-9A8341034E84}.Debug|Any CPU.ActiveCfg = Debug|Any CPU
		{ADC361AE-BED3-4239-A15A-9A8341034E84}.Debug|Any CPU.Build.0 = Debug|Any CPU
		{ADC361AE-BED3-4239-A15A-9A8341034E84}.Release|Any CPU.ActiveCfg = Release|Any CPU
		{ADC361AE-BED3-4239-A15A-9A8341034E84}.Release|Any CPU.Build.0 = Release|Any CPU
		{138DC0D5-CB02-4627-B5D1-DC3511CCBB18}.Debug|Any CPU.ActiveCfg = Debug|Any CPU
		{138DC0D5-CB02-4627-B5D1-DC3511CCBB18}.Debug|Any CPU.Build.0 = Debug|Any CPU
		{138DC0D5-CB02-4627-B5D1-DC3511CCBB18}.Release|Any CPU.ActiveCfg = Release|Any CPU
		{138DC0D5-CB02-4627-B5D1-DC3511CCBB18}.Release|Any CPU.Build.0 = Release|Any CPU
		{317AE25C-7B92-4D09-85D6-D23D1E1EFA3E}.Debug|Any CPU.ActiveCfg = Debug|Any CPU
		{317AE25C-7B92-4D09-85D6-D23D1E1EFA3E}.Debug|Any CPU.Build.0 = Debug|Any CPU
		{317AE25C-7B92-4D09-85D6-D23D1E1EFA3E}.Release|Any CPU.ActiveCfg = Release|Any CPU
		{317AE25C-7B92-4D09-85D6-D23D1E1EFA3E}.Release|Any CPU.Build.0 = Release|Any CPU
		{81A0BC80-2677-4364-ABBB-F01D0E98ECE5}.Debug|Any CPU.ActiveCfg = Debug|Any CPU
		{81A0BC80-2677-4364-ABBB-F01D0E98ECE5}.Debug|Any CPU.Build.0 = Debug|Any CPU
		{81A0BC80-2677-4364-ABBB-F01D0E98ECE5}.Release|Any CPU.ActiveCfg = Release|Any CPU
		{81A0BC80-2677-4364-ABBB-F01D0E98ECE5}.Release|Any CPU.Build.0 = Release|Any CPU
	EndGlobalSection
	GlobalSection(SolutionProperties) = preSolution
		HideSolutionNode = FALSE
	EndGlobalSection
	GlobalSection(NestedProjects) = preSolution
		{22E8E8BB-C4C5-426F-BEBD-F5A82D2C127C} = {13401168-292E-4ADE-A290-EBA81955FB24}
		{ADC361AE-BED3-4239-A15A-9A8341034E84} = {13401168-292E-4ADE-A290-EBA81955FB24}
		{138DC0D5-CB02-4627-B5D1-DC3511CCBB18} = {F5512343-E791-4786-B064-7A088D118AB2}
		{317AE25C-7B92-4D09-85D6-D23D1E1EFA3E} = {F5512343-E791-4786-B064-7A088D118AB2}
		{81A0BC80-2677-4364-ABBB-F01D0E98ECE5} = {F5512343-E791-4786-B064-7A088D118AB2}
	EndGlobalSection
	GlobalSection(ExtensibilityGlobals) = postSolution
		SolutionGuid = {81BFC613-49D8-4336-B007-641CC6DE2907}
	EndGlobalSection
EndGlobal
